zeda 402f382ba12d849f3f7b74ee93d3e98a78bca187 fix/config-gen-shebang
zm 30559db8430a27bca6f1a09aae6079cc13c88c90 main
neuz 684df771117c98c57ec3d534d23d49d5ea9ad16f main
dzco 3627266c89e3948b5c224e2c613f8f0e175cd0c0 main
zeo 645a69550740bb73d8ad70531d380e3bc888521c main
roki dc3a56a8d3c0bff69f09cf9234ab4de157fd4c59 main
liw b5359fea667445635e75684f4dc84ef4cf6e9cac main
zx11 cb8bb159cf27ebe35517bfb0c26a3680c392bbf6 main
roki-gl f0147721d8b8ce020300323ff94a2e8c2aa53cdc main
roki-fd 6e4a1994b25a97b201d8b98ca16ab2b513722572 main
pedi2 9a2469b2420061085f1cc1b57da48b7d14fb5a66 main
