zeda d0a995661d3dd0642a0c36fbd0fd327fa91f6d8c fix/config-gen-shebang
zm 728e454fce568ecf61e53fa9a26ba091e09bf34f main
neuz 5740c564efa3bc2d102df069485164da28e05c05 main
dzco d816b0aa22f666db5574e3ad50f6d6ee46100389 main
zeo 545edba2099aa04c4be79c3c27bb1555098848a1 main
roki 25371541334551617c5e9caeb782656c62ac4d69 main
liw 452049bf59702885dc63d715dac848e0d818df40 main
zx11 3dfd0a5bc973048312ce2ddb54499c36adc69a40 main
roki-gl dbf44e1e42593a0f92a792516fcefe4d53a75f31 main
roki-fd ff028a0f5391d128a368b154207f580cafd19e3a main
pedi2 8423aa5f41183e55a4b5e52237e17ba36bbc6116 main
